
Microsoft Visual Studio Solution File, Format Version 12.00
# Visual Studio Version 17
VisualStudioVersion = 17.14.36518.9
MinimumVisualStudioVersion = 10.0.40219.1
Project("{2150E333-8FDC-42A3-9474-1A3956D46DE8}") = "src", "src", "{02EA681E-C7D8-13C7-8484-4AC65E1B71E8}"
EndProject
Project("{2150E333-8FDC-42A3-9474-1A3956D46DE8}") = "gateway", "gateway", "{2CFA1181-5D6E-45F4-B431-9A514AD0E3AB}"
EndProject
Project("{FAE04EC0-301F-11D3-BF4B-00C04F79EFBC}") = "Gateway.API", "src\gateway\Gateway.API\Gateway.API.csproj", "{7D762610-5DD4-B8D8-2880-79C0999E69CE}"
EndProject
Project("{2150E333-8FDC-42A3-9474-1A3956D46DE8}") = "services", "services", "{A72EFB68-3002-43E6-8428-EA64CD09018C}"
EndProject
Project("{2150E333-8FDC-42A3-9474-1A3956D46DE8}") = "shared", "shared", "{7978497E-961D-4C77-A814-469014E45B70}"
EndProject
Project("{2150E333-8FDC-42A3-9474-1A3956D46DE8}") = "EssayService", "EssayService", "{45948587-EC1C-4975-909A-6471FDBF3A58}"
EndProject
Project("{FAE04EC0-301F-11D3-BF4B-00C04F79EFBC}") = "EssayService.API", "src\services\EssayService\EssayService.API\EssayService.API.csproj", "{63C439C6-6536-C9B8-8310-7E1A7402D49F}"
EndProject
Project("{FAE04EC0-301F-11D3-BF4B-00C04F79EFBC}") = "SharedKernel", "src\shared\SharedKernel\SharedKernel.csproj", "{28AFF8AA-481C-054D-0B92-3E91246BA178}"
EndProject
Project("{2150E333-8FDC-42A3-9474-1A3956D46DE8}") = "UserService", "UserService", "{92CA83F4-43C7-4CB1-90B7-DF91B0916F03}"
EndProject
Project("{2150E333-8FDC-42A3-9474-1A3956D46DE8}") = "NotificationService", "NotificationService", "{43C7EF8E-E06D-4A89-A024-C2102CC18922}"
EndProject
Project("{FAE04EC0-301F-11D3-BF4B-00C04F79EFBC}") = "EssayService.Application", "src\services\EssayService\EssayService.Application\EssayService.Application.csproj", "{4448EA94-486F-686A-74F6-2577CA5D8FB3}"
EndProject
Project("{FAE04EC0-301F-11D3-BF4B-00C04F79EFBC}") = "EssayService.Domain", "src\services\EssayService\EssayService.Domain\EssayService.Domain.csproj", "{51B393AB-4B72-AE3E-8B75-C21900892640}"
EndProject
Project("{FAE04EC0-301F-11D3-BF4B-00C04F79EFBC}") = "EssayService.Infrastructure", "src\services\EssayService\EssayService.Infrastructure\EssayService.Infrastructure.csproj", "{3B9CE2CA-33A3-0AF4-7E33-9CADBDC892AB}"
EndProject
Project("{FAE04EC0-301F-11D3-BF4B-00C04F79EFBC}") = "UserService.API", "src\services\UserService\UserService.API\UserService.API.csproj", "{2D292A55-1B00-E997-D6A3-A9AA029F4459}"
EndProject
Project("{FAE04EC0-301F-11D3-BF4B-00C04F79EFBC}") = "UserService.Domain", "src\services\UserService\UserService.Domain\UserService.Domain.csproj", "{7B2C5F8D-B0AE-D789-D8F4-71815B4658FD}"
EndProject
Project("{FAE04EC0-301F-11D3-BF4B-00C04F79EFBC}") = "UserService.Application", "src\services\UserService\UserService.Application\UserService.Application.csproj", "{A80AFBE1-FDCD-3599-71A6-664A60DD9E9E}"
EndProject
Project("{FAE04EC0-301F-11D3-BF4B-00C04F79EFBC}") = "UserService.Infrastructure", "src\services\UserService\UserService.Infrastructure\UserService.Infrastructure.csproj", "{A4C9B0BA-37DA-8034-6744-5D294AD1BD5D}"
EndProject
Project("{FAE04EC0-301F-11D3-BF4B-00C04F79EFBC}") = "NotificationService.API", "src\services\NotificationService\NotificationService.API\NotificationService.API.csproj", "{9D553968-5081-82F3-E988-683BC03C5C34}"
EndProject
Project("{FAE04EC0-301F-11D3-BF4B-00C04F79EFBC}") = "NotificationService.Domain", "src\services\NotificationService\NotificationService.Domain\NotificationService.Domain.csproj", "{589672CA-EA39-582D-839C-2EE6F4337A32}"
EndProject
Project("{FAE04EC0-301F-11D3-BF4B-00C04F79EFBC}") = "NotificationService.Application", "src\services\NotificationService\NotificationService.Application\NotificationService.Application.csproj", "{8CA7AEF8-E845-E698-60A2-8A0F862C4EE4}"
EndProject
Project("{FAE04EC0-301F-11D3-BF4B-00C04F79EFBC}") = "NotificationService.Infrastructure", "src\services\NotificationService\NotificationService.Infrastructure\NotificationService.Infrastructure.csproj", "{CA6B3A74-EB8C-FB04-9003-62E3FE95A1A5}"
EndProject
Global
	GlobalSection(SolutionConfigurationPlatforms) = preSolution
		Debug|Any CPU = Debug|Any CPU
		Release|Any CPU = Release|Any CPU
	EndGlobalSection
	GlobalSection(ProjectConfigurationPlatforms) = postSolution
		{7D762610-5DD4-B8D8-2880-79C0999E69CE}.Debug|Any CPU.ActiveCfg = Debug|Any CPU
		{7D762610-5DD4-B8D8-2880-79C0999E69CE}.Debug|Any CPU.Build.0 = Debug|Any CPU
		{7D762610-5DD4-B8D8-2880-79C0999E69CE}.Release|Any CPU.ActiveCfg = Release|Any CPU
		{7D762610-5DD4-B8D8-2880-79C0999E69CE}.Release|Any CPU.Build.0 = Release|Any CPU
		{63C439C6-6536-C9B8-8310-7E1A7402D49F}.Debug|Any CPU.ActiveCfg = Debug|Any CPU
		{63C439C6-6536-C9B8-8310-7E1A7402D49F}.Debug|Any CPU.Build.0 = Debug|Any CPU
		{63C439C6-6536-C9B8-8310-7E1A7402D49F}.Release|Any CPU.ActiveCfg = Release|Any CPU
		{63C439C6-6536-C9B8-8310-7E1A7402D49F}.Release|Any CPU.Build.0 = Release|Any CPU
		{28AFF8AA-481C-054D-0B92-3E91246BA178}.Debug|Any CPU.ActiveCfg = Debug|Any CPU
		{28AFF8AA-481C-054D-0B92-3E91246BA178}.Debug|Any CPU.Build.0 = Debug|Any CPU
		{28AFF8AA-481C-054D-0B92-3E91246BA178}.Release|Any CPU.ActiveCfg = Release|Any CPU
		{28AFF8AA-481C-054D-0B92-3E91246BA178}.Release|Any CPU.Build.0 = Release|Any CPU
		{4448EA94-486F-686A-74F6-2577CA5D8FB3}.Debug|Any CPU.ActiveCfg = Debug|Any CPU
		{4448EA94-486F-686A-74F6-2577CA5D8FB3}.Debug|Any CPU.Build.0 = Debug|Any CPU
		{4448EA94-486F-686A-74F6-2577CA5D8FB3}.Release|Any CPU.ActiveCfg = Release|Any CPU
		{4448EA94-486F-686A-74F6-2577CA5D8FB3}.Release|Any CPU.Build.0 = Release|Any CPU
		{51B393AB-4B72-AE3E-8B75-C21900892640}.Debug|Any CPU.ActiveCfg = Debug|Any CPU
		{51B393AB-4B72-AE3E-8B75-C21900892640}.Debug|Any CPU.Build.0 = Debug|Any CPU
		{51B393AB-4B72-AE3E-8B75-C21900892640}.Release|Any CPU.ActiveCfg = Release|Any CPU
		{51B393AB-4B72-AE3E-8B75-C21900892640}.Release|Any CPU.Build.0 = Release|Any CPU
		{3B9CE2CA-33A3-0AF4-7E33-9CADBDC892AB}.Debug|Any CPU.ActiveCfg = Debug|Any CPU
		{3B9CE2CA-33A3-0AF4-7E33-9CADBDC892AB}.Debug|Any CPU.Build.0 = Debug|Any CPU
		{3B9CE2CA-33A3-0AF4-7E33-9CADBDC892AB}.Release|Any CPU.ActiveCfg = Release|Any CPU
		{3B9CE2CA-33A3-0AF4-7E33-9CADBDC892AB}.Release|Any CPU.Build.0 = Release|Any CPU
		{2D292A55-1B00-E997-D6A3-A9AA029F4459}.Debug|Any CPU.ActiveCfg = Debug|Any CPU
		{2D292A55-1B00-E997-D6A3-A9AA029F4459}.Debug|Any CPU.Build.0 = Debug|Any CPU
		{2D292A55-1B00-E997-D6A3-A9AA029F4459}.Release|Any CPU.ActiveCfg = Release|Any CPU
		{2D292A55-1B00-E997-D6A3-A9AA029F4459}.Release|Any CPU.Build.0 = Release|Any CPU
		{7B2C5F8D-B0AE-D789-D8F4-71815B4658FD}.Debug|Any CPU.ActiveCfg = Debug|Any CPU
		{7B2C5F8D-B0AE-D789-D8F4-71815B4658FD}.Debug|Any CPU.Build.0 = Debug|Any CPU
		{7B2C5F8D-B0AE-D789-D8F4-71815B4658FD}.Release|Any CPU.ActiveCfg = Release|Any CPU
		{7B2C5F8D-B0AE-D789-D8F4-71815B4658FD}.Release|Any CPU.Build.0 = Release|Any CPU
		{A80AFBE1-FDCD-3599-71A6-664A60DD9E9E}.Debug|Any CPU.ActiveCfg = Debug|Any CPU
		{A80AFBE1-FDCD-3599-71A6-664A60DD9E9E}.Debug|Any CPU.Build.0 = Debug|Any CPU
		{A80AFBE1-FDCD-3599-71A6-664A60DD9E9E}.Release|Any CPU.ActiveCfg = Release|Any CPU
		{A80AFBE1-FDCD-3599-71A6-664A60DD9E9E}.Release|Any CPU.Build.0 = Release|Any CPU
		{A4C9B0BA-37DA-8034-6744-5D294AD1BD5D}.Debug|Any CPU.ActiveCfg = Debug|Any CPU
		{A4C9B0BA-37DA-8034-6744-5D294AD1BD5D}.Debug|Any CPU.Build.0 = Debug|Any CPU
		{A4C9B0BA-37DA-8034-6744-5D294AD1BD5D}.Release|Any CPU.ActiveCfg = Release|Any CPU
		{A4C9B0BA-37DA-8034-6744-5D294AD1BD5D}.Release|Any CPU.Build.0 = Release|Any CPU
		{9D553968-5081-82F3-E988-683BC03C5C34}.Debug|Any CPU.ActiveCfg = Debug|Any CPU
		{9D553968-5081-82F3-E988-683BC03C5C34}.Debug|Any CPU.Build.0 = Debug|Any CPU
		{9D553968-5081-82F3-E988-683BC03C5C34}.Release|Any CPU.ActiveCfg = Release|Any CPU
		{9D553968-5081-82F3-E988-683BC03C5C34}.Release|Any CPU.Build.0 = Release|Any CPU
		{589672CA-EA39-582D-839C-2EE6F4337A32}.Debug|Any CPU.ActiveCfg = Debug|Any CPU
		{589672CA-EA39-582D-839C-2EE6F4337A32}.Debug|Any CPU.Build.0 = Debug|Any CPU
		{589672CA-EA39-582D-839C-2EE6F4337A32}.Release|Any CPU.ActiveCfg = Release|Any CPU
		{589672CA-EA39-582D-839C-2EE6F4337A32}.Release|Any CPU.Build.0 = Release|Any CPU
		{8CA7AEF8-E845-E698-60A2-8A0F862C4EE4}.Debug|Any CPU.ActiveCfg = Debug|Any CPU
		{8CA7AEF8-E845-E698-60A2-8A0F862C4EE4}.Debug|Any CPU.Build.0 = Debug|Any CPU
		{8CA7AEF8-E845-E698-60A2-8A0F862C4EE4}.Release|Any CPU.ActiveCfg = Release|Any CPU
		{8CA7AEF8-E845-E698-60A2-8A0F862C4EE4}.Release|Any CPU.Build.0 = Release|Any CPU
		{CA6B3A74-EB8C-FB04-9003-62E3FE95A1A5}.Debug|Any CPU.ActiveCfg = Debug|Any CPU
		{CA6B3A74-EB8C-FB04-9003-62E3FE95A1A5}.Debug|Any CPU.Build.0 = Debug|Any CPU
		{CA6B3A74-EB8C-FB04-9003-62E3FE95A1A5}.Release|Any CPU.ActiveCfg = Release|Any CPU
		{CA6B3A74-EB8C-FB04-9003-62E3FE95A1A5}.Release|Any CPU.Build.0 = Release|Any CPU
	EndGlobalSection
	GlobalSection(SolutionProperties) = preSolution
		HideSolutionNode = FALSE
	EndGlobalSection
	GlobalSection(NestedProjects) = preSolution
		{2CFA1181-5D6E-45F4-B431-9A514AD0E3AB} = {02EA681E-C7D8-13C7-8484-4AC65E1B71E8}
		{7D762610-5DD4-B8D8-2880-79C0999E69CE} = {2CFA1181-5D6E-45F4-B431-9A514AD0E3AB}
		{A72EFB68-3002-43E6-8428-EA64CD09018C} = {02EA681E-C7D8-13C7-8484-4AC65E1B71E8}
		{7978497E-961D-4C77-A814-469014E45B70} = {02EA681E-C7D8-13C7-8484-4AC65E1B71E8}
		{45948587-EC1C-4975-909A-6471FDBF3A58} = {A72EFB68-3002-43E6-8428-EA64CD09018C}
		{63C439C6-6536-C9B8-8310-7E1A7402D49F} = {45948587-EC1C-4975-909A-6471FDBF3A58}
		{28AFF8AA-481C-054D-0B92-3E91246BA178} = {7978497E-961D-4C77-A814-469014E45B70}
		{92CA83F4-43C7-4CB1-90B7-DF91B0916F03} = {A72EFB68-3002-43E6-8428-EA64CD09018C}
		{43C7EF8E-E06D-4A89-A024-C2102CC18922} = {A72EFB68-3002-43E6-8428-EA64CD09018C}
		{4448EA94-486F-686A-74F6-2577CA5D8FB3} = {45948587-EC1C-4975-909A-6471FDBF3A58}
		{51B393AB-4B72-AE3E-8B75-C21900892640} = {45948587-EC1C-4975-909A-6471FDBF3A58}
		{3B9CE2CA-33A3-0AF4-7E33-9CADBDC892AB} = {45948587-EC1C-4975-909A-6471FDBF3A58}
		{2D292A55-1B00-E997-D6A3-A9AA029F4459} = {92CA83F4-43C7-4CB1-90B7-DF91B0916F03}
		{7B2C5F8D-B0AE-D789-D8F4-71815B4658FD} = {92CA83F4-43C7-4CB1-90B7-DF91B0916F03}
		{A80AFBE1-FDCD-3599-71A6-664A60DD9E9E} = {92CA83F4-43C7-4CB1-90B7-DF91B0916F03}
		{A4C9B0BA-37DA-8034-6744-5D294AD1BD5D} = {92CA83F4-43C7-4CB1-90B7-DF91B0916F03}
		{9D553968-5081-82F3-E988-683BC03C5C34} = {43C7EF8E-E06D-4A89-A024-C2102CC18922}
		{589672CA-EA39-582D-839C-2EE6F4337A32} = {43C7EF8E-E06D-4A89-A024-C2102CC18922}
		{8CA7AEF8-E845-E698-60A2-8A0F862C4EE4} = {43C7EF8E-E06D-4A89-A024-C2102CC18922}
		{CA6B3A74-EB8C-FB04-9003-62E3FE95A1A5} = {43C7EF8E-E06D-4A89-A024-C2102CC18922}
	EndGlobalSection
	GlobalSection(ExtensibilityGlobals) = postSolution
		SolutionGuid = {4E4DA21F-589F-47F7-9B63-063DBC4D3310}
	EndGlobalSection
EndGlobal
